
Microsoft Visual Studio Solution File, Format Version 12.00
# Visual Studio 2013
VisualStudioVersion = 12.0.21005.1
MinimumVisualStudioVersion = 10.0.40219.1
Project("{FAE04EC0-301F-11D3-BF4B-00C04F79EFBC}") = "Chess", "Chess\Chess.csproj", "{81655686-9783-4BB3-BD04-1DDC5A68E6D4}"
EndProject
Project("{FAE04EC0-301F-11D3-BF4B-00C04F79EFBC}") = "Chess.Tests", "Chess.Tests\Chess.Tests.csproj", "{07EAB7C6-C865-4B82-A3F2-1416F1906F33}"
EndProject
Global
	GlobalSection(SolutionConfigurationPlatforms) = preSolution
		Debug|Any CPU = Debug|Any CPU
		Release|Any CPU = Release|Any CPU
	EndGlobalSection
	GlobalSection(ProjectConfigurationPlatforms) = postSolution
		{81655686-9783-4BB3-BD04-1DDC5A68E6D4}.Debug|Any CPU.ActiveCfg = Debug|Any CPU
		{81655686-9783-4BB3-BD04-1DDC5A68E6D4}.Debug|Any CPU.Build.0 = Debug|Any CPU
		{81655686-9783-4BB3-BD04-1DDC5A68E6D4}.Release|Any CPU.ActiveCfg = Release|Any CPU
		{81655686-9783-4BB3-BD04-1DDC5A68E6D4}.Release|Any CPU.Build.0 = Release|Any CPU
		{07EAB7C6-C865-4B82-A3F2-1416F1906F33}.Debug|Any CPU.ActiveCfg = Debug|Any CPU
		{07EAB7C6-C865-4B82-A3F2-1416F1906F33}.Debug|Any CPU.Build.0 = Debug|Any CPU
		{07EAB7C6-C865-4B82-A3F2-1416F1906F33}.Release|Any CPU.ActiveCfg = Release|Any CPU
		{07EAB7C6-C865-4B82-A3F2-1416F1906F33}.Release|Any CPU.Build.0 = Release|Any CPU
	EndGlobalSection
	GlobalSection(SolutionProperties) = preSolution
		HideSolutionNode = FALSE
	EndGlobalSection
EndGlobal
